
Microsoft Visual Studio Solution File, Format Version 12.00
# Visual Studio Version 17
VisualStudioVersion = 17.12.35527.113
MinimumVisualStudioVersion = 10.0.40219.1
Project("{FAE04EC0-301F-11D3-BF4B-00C04F79EFBC}") = "APIGateWay", "APIGateWay\APIGateWay.csproj", "{C61C8A75-EA23-407E-9BDC-3962C8E5849A}"
EndProject
Global
	GlobalSection(SolutionConfigurationPlatforms) = preSolution
		Debug|Any CPU = Debug|Any CPU
		Release|Any CPU = Release|Any CPU
	EndGlobalSection
	GlobalSection(ProjectConfigurationPlatforms) = postSolution
		{C61C8A75-EA23-407E-9BDC-3962C8E5849A}.Debug|Any CPU.ActiveCfg = Debug|Any CPU
		{C61C8A75-EA23-407E-9BDC-3962C8E5849A}.Debug|Any CPU.Build.0 = Debug|Any CPU
		{C61C8A75-EA23-407E-9BDC-3962C8E5849A}.Release|Any CPU.ActiveCfg = Release|Any CPU
		{C61C8A75-EA23-407E-9BDC-3962C8E5849A}.Release|Any CPU.Build.0 = Release|Any CPU
	EndGlobalSection
	GlobalSection(SolutionProperties) = preSolution
		HideSolutionNode = FALSE
	EndGlobalSection
	GlobalSection(ExtensibilityGlobals) = postSolution
		SolutionGuid = {C3CE3FF7-226E-4757-B323-5B6EA7AE89DF}
	EndGlobalSection
EndGlobal
